// !$*UTF8*$!
{
	archiveVersion = 1;
	classes = {
	};
	objectVersion = 56;
	objects = {

/* Begin PBXBuildFile section */
		51F10A7230024FD700B1D3B8 /* Assets.xcassets in Resources */ = {isa = PBXBuildFile; fileRef = 51F10A5F30024FD700B1D3B8 /* Assets.xcassets */; };
		51F10A7430024FD700B1D3B8 /* WishlistViewModel.swift in Sources */ = {isa = PBXBuildFile; fileRef = 51F10A6830024FD700B1D3B8 /* WishlistViewModel.swift */; };
		51F10A7530024FD700B1D3B8 /* SettingsView.swift in Sources */ = {isa = PBXBuildFile; fileRef = 51F10A6C30024FD700B1D3B8 /* SettingsView.swift */; };
		51F10A7630024FD700B1D3B8 /* Wish.swift in Sources */ = {isa = PBXBuildFile; fileRef = 51F10A5C30024FD700B1D3B8 /* Wish.swift */; };
		51F10A7730024FD700B1D3B8 /* CoupleSetupView.swift in Sources */ = {isa = PBXBuildFile; fileRef = 51F10A6B30024FD700B1D3B8 /* CoupleSetupView.swift */; };
		51F10A7830024FD700B1D3B8 /* Couple.swift in Sources */ = {isa = PBXBuildFile; fileRef = 51F10A5A30024FD700B1D3B8 /* Couple.swift */; };
		51F10A7930024FD700B1D3B8 /* CoupleWishesApp.swift in Sources */ = {isa = PBXBuildFile; fileRef = 51F10A7030024FD700B1D3B8 /* CoupleWishesApp.swift */; };
		51F10A7A30024FD700B1D3B8 /* CoupleViewModel.swift in Sources */ = {isa = PBXBuildFile; fileRef = 51F10A6730024FD700B1D3B8 /* CoupleViewModel.swift */; };
		51F10A7B30024FD700B1D3B8 /* User.swift in Sources */ = {isa = PBXBuildFile; fileRef = 51F10A5B30024FD700B1D3B8 /* User.swift */; };
		51F10A7C30024FD700B1D3B8 /* APIService.swift in Sources */ = {isa = PBXBuildFile; fileRef = 51F10A6330024FD700B1D3B8 /* APIService.swift */; };
		51F10A7D30024FD700B1D3B8 /* AuthViewModel.swift in Sources */ = {isa = PBXBuildFile; fileRef = 51F10A6630024FD700B1D3B8 /* AuthViewModel.swift */; };
		51F10A7E30024FD700B1D3B8 /* WishlistView.swift in Sources */ = {isa = PBXBuildFile; fileRef = 51F10A6E30024FD700B1D3B8 /* WishlistView.swift */; };
		51F10A7F30024FD700B1D3B8 /* APIError.swift in Sources */ = {isa = PBXBuildFile; fileRef = 51F10A6230024FD700B1D3B8 /* APIError.swift */; };
		51F10A8030024FD700B1D3B8 /* AppTheme.swift in Sources */ = {isa = PBXBuildFile; fileRef = 51F10A5E30024FD700B1D3B8 /* AppTheme.swift */; };
		51F10A8130024FD700B1D3B8 /* AuthView.swift in Sources */ = {isa = PBXBuildFile; fileRef = 51F10A6A30024FD700B1D3B8 /* AuthView.swift */; };
		51F10A8230024FD700B1D3B8 /* WishFormView.swift in Sources */ = {isa = PBXBuildFile; fileRef = 51F10A6D30024FD700B1D3B8 /* WishFormView.swift */; };
		51F10A8330024FD700B1D3B8 /* SessionManager.swift in Sources */ = {isa = PBXBuildFile; fileRef = 51F10A6430024FD700B1D3B8 /* SessionManager.swift */; };
/* End PBXBuildFile section */

/* Begin PBXFileReference section */
		51F10A5A30024FD700B1D3B8 /* Couple.swift */ = {isa = PBXFileReference; lastKnownFileType = sourcecode.swift; path = Couple.swift; sourceTree = "<group>"; };
		51F10A5B30024FD700B1D3B8 /* User.swift */ = {isa = PBXFileReference; lastKnownFileType = sourcecode.swift; path = User.swift; sourceTree = "<group>"; };
		51F10A5C30024FD700B1D3B8 /* Wish.swift */ = {isa = PBXFileReference; lastKnownFileType = sourcecode.swift; path = Wish.swift; sourceTree = "<group>"; };
		51F10A5E30024FD700B1D3B8 /* AppTheme.swift */ = {isa = PBXFileReference; lastKnownFileType = sourcecode.swift; path = AppTheme.swift; sourceTree = "<group>"; };
		51F10A5F30024FD700B1D3B8 /* Assets.xcassets */ = {isa = PBXFileReference; lastKnownFileType = folder.assetcatalog; path = Assets.xcassets; sourceTree = "<group>"; };
		51F10A6030024FD700B1D3B8 /* Info.plist */ = {isa = PBXFileReference; lastKnownFileType = text.plist; path = Info.plist; sourceTree = "<group>"; };
		51F10A6230024FD700B1D3B8 /* APIError.swift */ = {isa = PBXFileReference; lastKnownFileType = sourcecode.swift; path = APIError.swift; sourceTree = "<group>"; };
		51F10A6330024FD700B1D3B8 /* APIService.swift */ = {isa = PBXFileReference; lastKnownFileType = sourcecode.swift; path = APIService.swift; sourceTree = "<group>"; };
		51F10A6430024FD700B1D3B8 /* SessionManager.swift */ = {isa = PBXFileReference; lastKnownFileType = sourcecode.swift; path = SessionManager.swift; sourceTree = "<group>"; };
		51F10A6630024FD700B1D3B8 /* AuthViewModel.swift */ = {isa = PBXFileReference; lastKnownFileType = sourcecode.swift; path = AuthViewModel.swift; sourceTree = "<group>"; };
		51F10A6730024FD700B1D3B8 /* CoupleViewModel.swift */ = {isa = PBXFileReference; lastKnownFileType = sourcecode.swift; path = CoupleViewModel.swift; sourceTree = "<group>"; };
		51F10A6830024FD700B1D3B8 /* WishlistViewModel.swift */ = {isa = PBXFileReference; lastKnownFileType = sourcecode.swift; path = WishlistViewModel.swift; sourceTree = "<group>"; };
		51F10A6A30024FD700B1D3B8 /* AuthView.swift */ = {isa = PBXFileReference; lastKnownFileType = sourcecode.swift; path = AuthView.swift; sourceTree = "<group>"; };
		51F10A6B30024FD700B1D3B8 /* CoupleSetupView.swift */ = {isa = PBXFileReference; lastKnownFileType = sourcecode.swift; path = CoupleSetupView.swift; sourceTree = "<group>"; };
		51F10A6C30024FD700B1D3B8 /* SettingsView.swift */ = {isa = PBXFileReference; lastKnownFileType = sourcecode.swift; path = SettingsView.swift; sourceTree = "<group>"; };
		51F10A6D30024FD700B1D3B8 /* WishFormView.swift */ = {isa = PBXFileReference; lastKnownFileType = sourcecode.swift; path = WishFormView.swift; sourceTree = "<group>"; };
		51F10A6E30024FD700B1D3B8 /* WishlistView.swift */ = {isa = PBXFileReference; lastKnownFileType = sourcecode.swift; path = WishlistView.swift; sourceTree = "<group>"; };
		51F10A7030024FD700B1D3B8 /* CoupleWishesApp.swift */ = {isa = PBXFileReference; lastKnownFileType = sourcecode.swift; path = CoupleWishesApp.swift; sourceTree = "<group>"; };
		CB000400D4454E849B01B677 /* CoupleWishes.app */ = {isa = PBXFileReference; explicitFileType = wrapper.application; includeInIndex = 0; path = CoupleWishes.app; sourceTree = BUILT_PRODUCTS_DIR; };
/* End PBXFileReference section */

/* Begin PBXFrameworksBuildPhase section */
		5BCBB150648C45E6B64DA81B /* Frameworks */ = {
			isa = PBXFrameworksBuildPhase;
			buildActionMask = 2147483647;
			files = (
			);
			runOnlyForDeploymentPostprocessing = 0;
		};
/* End PBXFrameworksBuildPhase section */

/* Begin PBXGroup section */
		51F10A5D30024FD700B1D3B8 /* Models */ = {
			isa = PBXGroup;
			children = (
				51F10A5A30024FD700B1D3B8 /* Couple.swift */,
				51F10A5B30024FD700B1D3B8 /* User.swift */,
				51F10A5C30024FD700B1D3B8 /* Wish.swift */,
			);
			path = Models;
			sourceTree = "<group>";
		};
		51F10A6130024FD700B1D3B8 /* Resources */ = {
			isa = PBXGroup;
			children = (
				51F10A5E30024FD700B1D3B8 /* AppTheme.swift */,
				51F10A5F30024FD700B1D3B8 /* Assets.xcassets */,
				51F10A6030024FD700B1D3B8 /* Info.plist */,
			);
			path = Resources;
			sourceTree = "<group>";
		};
		51F10A6530024FD700B1D3B8 /* Services */ = {
			isa = PBXGroup;
			children = (
				51F10A6230024FD700B1D3B8 /* APIError.swift */,
				51F10A6330024FD700B1D3B8 /* APIService.swift */,
				51F10A6430024FD700B1D3B8 /* SessionManager.swift */,
			);
			path = Services;
			sourceTree = "<group>";
		};
		51F10A6930024FD700B1D3B8 /* ViewModels */ = {
			isa = PBXGroup;
			children = (
				51F10A6630024FD700B1D3B8 /* AuthViewModel.swift */,
				51F10A6730024FD700B1D3B8 /* CoupleViewModel.swift */,
				51F10A6830024FD700B1D3B8 /* WishlistViewModel.swift */,
			);
			path = ViewModels;
			sourceTree = "<group>";
		};
		51F10A6F30024FD700B1D3B8 /* Views */ = {
			isa = PBXGroup;
			children = (
				51F10A6A30024FD700B1D3B8 /* AuthView.swift */,
				51F10A6B30024FD700B1D3B8 /* CoupleSetupView.swift */,
				51F10A6C30024FD700B1D3B8 /* SettingsView.swift */,
				51F10A6D30024FD700B1D3B8 /* WishFormView.swift */,
				51F10A6E30024FD700B1D3B8 /* WishlistView.swift */,
			);
			path = Views;
			sourceTree = "<group>";
		};
		51F10A7130024FD700B1D3B8 /* CoupleWishes */ = {
			isa = PBXGroup;
			children = (
				51F10A5D30024FD700B1D3B8 /* Models */,
				51F10A6130024FD700B1D3B8 /* Resources */,
				51F10A6530024FD700B1D3B8 /* Services */,
				51F10A6930024FD700B1D3B8 /* ViewModels */,
				51F10A6F30024FD700B1D3B8 /* Views */,
				51F10A7030024FD700B1D3B8 /* CoupleWishesApp.swift */,
			);
			path = CoupleWishes;
			sourceTree = "<group>";
		};
		8D55E4A810FD4F768B0D6330 /* Products */ = {
			isa = PBXGroup;
			children = (
				CB000400D4454E849B01B677 /* CoupleWishes.app */,
			);
			name = Products;
			sourceTree = "<group>";
		};
		F3F751CD5C3C4023ACAA65F6 = {
			isa = PBXGroup;
			children = (
				51F10A7130024FD700B1D3B8 /* CoupleWishes */,
				8D55E4A810FD4F768B0D6330 /* Products */,
			);
			sourceTree = "<group>";
		};
/* End PBXGroup section */

/* Begin PBXNativeTarget section */
		97E216A4ADA14E739A51F7BE /* CoupleWishes */ = {
			isa = PBXNativeTarget;
			buildConfigurationList = 467B441F486F404A8977A145 /* Build configuration list for PBXNativeTarget "CoupleWishes" */;
			buildPhases = (
				9DD057689AF14C08993E183F /* Sources */,
				5BCBB150648C45E6B64DA81B /* Frameworks */,
				CA3928C9805C4CCCB53FE443 /* Resources */,
			);
			buildRules = (
			);
			dependencies = (
			);
			name = CoupleWishes;
			productName = CoupleWishes;
			productReference = CB000400D4454E849B01B677 /* CoupleWishes.app */;
			productType = "com.apple.product-type.application";
		};
/* End PBXNativeTarget section */

/* Begin PBXProject section */
		E2F8AD5FAB3A41778155C730 /* Project object */ = {
			isa = PBXProject;
			attributes = {
				BuildIndependentTargetsInParallel = 1;
				LastSwiftUpdateCheck = 1600;
				LastUpgradeCheck = 1600;
				TargetAttributes = {
					97E216A4ADA14E739A51F7BE = {
						CreatedOnToolsVersion = 16.0;
					};
				};
			};
			buildConfigurationList = E7C9396228B144E2989119B7 /* Build configuration list for PBXProject "CoupleWishes" */;
			compatibilityVersion = "Xcode 14.0";
			developmentRegion = en;
			hasScannedForEncodings = 0;
			knownRegions = (
				en,
				Base,
			);
			mainGroup = F3F751CD5C3C4023ACAA65F6;
			productRefGroup = 8D55E4A810FD4F768B0D6330 /* Products */;
			projectDirPath = "";
			projectRoot = "";
			targets = (
				97E216A4ADA14E739A51F7BE /* CoupleWishes */,
			);
		};
/* End PBXProject section */

/* Begin PBXResourcesBuildPhase section */
		CA3928C9805C4CCCB53FE443 /* Resources */ = {
			isa = PBXResourcesBuildPhase;
			buildActionMask = 2147483647;
			files = (
				51F10A7230024FD700B1D3B8 /* Assets.xcassets in Resources */,
			);
			runOnlyForDeploymentPostprocessing = 0;
		};
/* End PBXResourcesBuildPhase section */

/* Begin PBXSourcesBuildPhase section */
		9DD057689AF14C08993E183F /* Sources */ = {
			isa = PBXSourcesBuildPhase;
			buildActionMask = 2147483647;
			files = (
				51F10A7430024FD700B1D3B8 /* WishlistViewModel.swift in Sources */,
				51F10A7530024FD700B1D3B8 /* SettingsView.swift in Sources */,
				51F10A7630024FD700B1D3B8 /* Wish.swift in Sources */,
				51F10A7730024FD700B1D3B8 /* CoupleSetupView.swift in Sources */,
				51F10A7830024FD700B1D3B8 /* Couple.swift in Sources */,
				51F10A7930024FD700B1D3B8 /* CoupleWishesApp.swift in Sources */,
				51F10A7A30024FD700B1D3B8 /* CoupleViewModel.swift in Sources */,
				51F10A7B30024FD700B1D3B8 /* User.swift in Sources */,
				51F10A7C30024FD700B1D3B8 /* APIService.swift in Sources */,
				51F10A7D30024FD700B1D3B8 /* AuthViewModel.swift in Sources */,
				51F10A7E30024FD700B1D3B8 /* WishlistView.swift in Sources */,
				51F10A7F30024FD700B1D3B8 /* APIError.swift in Sources */,
				51F10A8030024FD700B1D3B8 /* AppTheme.swift in Sources */,
				51F10A8130024FD700B1D3B8 /* AuthView.swift in Sources */,
				51F10A8230024FD700B1D3B8 /* WishFormView.swift in Sources */,
				51F10A8330024FD700B1D3B8 /* SessionManager.swift in Sources */,
			);
			runOnlyForDeploymentPostprocessing = 0;
		};
/* End PBXSourcesBuildPhase section */

/* Begin XCBuildConfiguration section */
		2954544D719E4CB5BECA02C1 /* Debug */ = {
			isa = XCBuildConfiguration;
			buildSettings = {
				ASSETCATALOG_COMPILER_APPICON_NAME = AppIcon;
				CODE_SIGN_STYLE = Automatic;
				CURRENT_PROJECT_VERSION = 1;
				DEVELOPMENT_TEAM = GN8RVQQRUV;
				ENABLE_PREVIEWS = YES;
				GENERATE_INFOPLIST_FILE = NO;
				INFOPLIST_FILE = CoupleWishes/Resources/Info.plist;
				INFOPLIST_KEY_LSApplicationCategoryType = "public.app-category.shopping";
				IPHONEOS_DEPLOYMENT_TARGET = 17.6;
				LD_RUNPATH_SEARCH_PATHS = (
					"$(inherited)",
					"@executable_path/Frameworks",
				);
				MARKETING_VERSION = 1.0;
				PRODUCT_BUNDLE_IDENTIFIER = com.couplewishes.app;
				PRODUCT_NAME = "$(TARGET_NAME)";
				SDKROOT = iphoneos;
				SWIFT_EMIT_LOC_STRINGS = YES;
				SWIFT_VERSION = 5.0;
				TARGETED_DEVICE_FAMILY = "1,2";
			};
			name = Debug;
		};
		A85B347872014427BDA22A39 /* Release */ = {
			isa = XCBuildConfiguration;
			buildSettings = {
				ASSETCATALOG_COMPILER_APPICON_NAME = AppIcon;
				CODE_SIGN_STYLE = Automatic;
				CURRENT_PROJECT_VERSION = 1;
				DEVELOPMENT_TEAM = GN8RVQQRUV;
				ENABLE_PREVIEWS = YES;
				GENERATE_INFOPLIST_FILE = NO;
				INFOPLIST_FILE = CoupleWishes/Resources/Info.plist;
				INFOPLIST_KEY_LSApplicationCategoryType = "public.app-category.shopping";
				IPHONEOS_DEPLOYMENT_TARGET = 17.6;
				LD_RUNPATH_SEARCH_PATHS = (
					"$(inherited)",
					"@executable_path/Frameworks",
				);
				MARKETING_VERSION = 1.0;
				PRODUCT_BUNDLE_IDENTIFIER = com.couplewishes.app;
				PRODUCT_NAME = "$(TARGET_NAME)";
				SDKROOT = iphoneos;
				SWIFT_EMIT_LOC_STRINGS = YES;
				SWIFT_VERSION = 5.0;
				TARGETED_DEVICE_FAMILY = "1,2";
			};
			name = Release;
		};
		AB6E143231794A4E9EC50B12 /* Debug */ = {
			isa = XCBuildConfiguration;
			buildSettings = {
				ALWAYS_SEARCH_USER_PATHS = NO;
				CLANG_ENABLE_MODULES = YES;
				COPY_PHASE_STRIP = NO;
				DEBUG_INFORMATION_FORMAT = dwarf;
				ENABLE_TESTABILITY = YES;
				GCC_DYNAMIC_NO_PIC = NO;
				GCC_OPTIMIZATION_LEVEL = 0;
				IPHONEOS_DEPLOYMENT_TARGET = 17.0;
				MTL_ENABLE_DEBUG_INFO = INCLUDE_SOURCE;
				ONLY_ACTIVE_ARCH = YES;
				SDKROOT = iphoneos;
				SWIFT_ACTIVE_COMPILATION_CONDITIONS = DEBUG;
				SWIFT_OPTIMIZATION_LEVEL = "-Onone";
			};
			name = Debug;
		};
		CF1198ECA7804276A111F3AA /* Release */ = {
			isa = XCBuildConfiguration;
			buildSettings = {
				ALWAYS_SEARCH_USER_PATHS = NO;
				CLANG_ENABLE_MODULES = YES;
				COPY_PHASE_STRIP = NO;
				DEBUG_INFORMATION_FORMAT = "dwarf-with-dsym";
				ENABLE_TESTABILITY = NO;
				GCC_DYNAMIC_NO_PIC = NO;
				GCC_OPTIMIZATION_LEVEL = s;
				IPHONEOS_DEPLOYMENT_TARGET = 17.0;
				MTL_ENABLE_DEBUG_INFO = NO;
				ONLY_ACTIVE_ARCH = NO;
				SDKROOT = iphoneos;
				SWIFT_ACTIVE_COMPILATION_CONDITIONS = "";
				SWIFT_OPTIMIZATION_LEVEL = "-O";
			};
			name = Release;
		};
/* End XCBuildConfiguration section */

/* Begin XCConfigurationList section */
		467B441F486F404A8977A145 /* Build configuration list for PBXNativeTarget "CoupleWishes" */ = {
			isa = XCConfigurationList;
			buildConfigurations = (
				2954544D719E4CB5BECA02C1 /* Debug */,
				A85B347872014427BDA22A39 /* Release */,
			);
			defaultConfigurationIsVisible = 0;
			defaultConfigurationName = Release;
		};
		E7C9396228B144E2989119B7 /* Build configuration list for PBXProject "CoupleWishes" */ = {
			isa = XCConfigurationList;
			buildConfigurations = (
				AB6E143231794A4E9EC50B12 /* Debug */,
				CF1198ECA7804276A111F3AA /* Release */,
			);
			defaultConfigurationIsVisible = 0;
			defaultConfigurationName = Release;
		};
/* End XCConfigurationList section */
	};
	rootObject = E2F8AD5FAB3A41778155C730 /* Project object */;
}
